PODS:
  - Alamofire (3.3.1)
  - AlamofireObjectMapper (3.0.0):
    - Alamofire (~> 3.2)
    - ObjectMapper (~> 1.0)
  - ObjectMapper (1.2.0)
  - RxCocoa (2.0-alpha.1):
    - RxSwift
  - RxSwift (2.0-alpha.1)
  - SwiftyJSON (2.3.2)

DEPENDENCIES:
  - Alamofire
  - AlamofireObjectMapper
  - RxCocoa (from `https://github.com/kzaher/RxSwift.git`, branch `rxswift-2.0`)
  - RxSwift (from `https://github.com/kzaher/RxSwift.git`, branch `rxswift-2.0`)
  - SwiftyJSON (from `https://github.com/SwiftyJSON/SwiftyJSON.git`)

EXTERNAL SOURCES:
  RxCocoa:
    :branch: rxswift-2.0
    :git: https://github.com/kzaher/RxSwift.git
  RxSwift:
    :branch: rxswift-2.0
    :git: https://github.com/kzaher/RxSwift.git
  SwiftyJSON:
    :git: https://github.com/SwiftyJSON/SwiftyJSON.git

CHECKOUT OPTIONS:
  RxCocoa:
    :commit: 756a507db71663cf8a9d38be4f05a0d6d6e53309
    :git: https://github.com/kzaher/RxSwift.git
  RxSwift:
    :commit: 756a507db71663cf8a9d38be4f05a0d6d6e53309
    :git: https://github.com/kzaher/RxSwift.git
  SwiftyJSON:
    :commit: 2a5b70f06001316d4fb54501edc70b4084705da0
    :git: https://github.com/SwiftyJSON/SwiftyJSON.git

SPEC CHECKSUMS:
  Alamofire: 369bc67b6f5ac33ded3648d7bd21c5bfb91c2ecc
  AlamofireObjectMapper: 2d16585d06177be0116d76de73497e77437798af
  ObjectMapper: b1e9c7c8a9f6400b72690c80072c131504caa66f
  RxCocoa: 6950f353d6ad66e55879fda8b996e8bc377516d7
  RxSwift: 067c74f1c0c1e877043b3f2a25ba3ca1839dcea8
  SwiftyJSON: 04ccea08915aa0109039157c7974cf0298da292a

COCOAPODS: 0.39.0
