PODS:
  - BartyCrouch (3.13.0)
  - Binge (0.1.0)
  - BrightFutures (7.0.0):
    - Result (~> 4.0.0)
  - Crashlytics (3.12.0):
    - Fabric (~> 1.9.0)
  - Down (0.5.2)
  - DZNEmptyDataSet (1.8.1)
  - Fabric (1.9.0)
  - Firebase/Core (5.15.0):
    - Firebase/CoreOnly
    - FirebaseAnalytics (= 5.4.0)
  - Firebase/CoreOnly (5.15.0):
    - FirebaseCore (= 5.1.10)
  - FirebaseAnalytics (5.4.0):
    - FirebaseCore (~> 5.1)
    - FirebaseInstanceID (~> 3.3)
    - GoogleAppMeasurement (= 5.4.0)
    - GoogleUtilities/AppDelegateSwizzler (~> 5.2)
    - GoogleUtilities/MethodSwizzler (~> 5.2)
    - GoogleUtilities/Network (~> 5.2)
    - "GoogleUtilities/NSData+zlib (~> 5.2)"
    - nanopb (~> 0.3)
  - FirebaseCore (5.1.10):
    - GoogleUtilities/Logger (~> 5.2)
  - FirebaseInstanceID (3.3.0):
    - FirebaseCore (~> 5.1)
    - GoogleUtilities/Environment (~> 5.3)
    - GoogleUtilities/UserDefaults (~> 5.3)
  - GoogleAppMeasurement (5.4.0):
    - GoogleUtilities/AppDelegateSwizzler (~> 5.2)
    - GoogleUtilities/MethodSwizzler (~> 5.2)
    - GoogleUtilities/Network (~> 5.2)
    - "GoogleUtilities/NSData+zlib (~> 5.2)"
    - nanopb (~> 0.3)
  - GoogleUtilities/AppDelegateSwizzler (5.3.6):
    - GoogleUtilities/Environment
    - GoogleUtilities/Logger
    - GoogleUtilities/Network
  - GoogleUtilities/Environment (5.3.6)
  - GoogleUtilities/Logger (5.3.6):
    - GoogleUtilities/Environment
  - GoogleUtilities/MethodSwizzler (5.3.6):
    - GoogleUtilities/Logger
  - GoogleUtilities/Network (5.3.6):
    - GoogleUtilities/Logger
    - "GoogleUtilities/NSData+zlib"
    - GoogleUtilities/Reachability
  - "GoogleUtilities/NSData+zlib (5.3.6)"
  - GoogleUtilities/Reachability (5.3.6):
    - GoogleUtilities/Logger
  - GoogleUtilities/UserDefaults (5.3.6):
    - GoogleUtilities/Logger
  - HTMLStyler (0.0.1)
  - KeychainAccess (3.1.2)
  - Marshal (1.2.7)
  - nanopb (0.3.901):
    - nanopb/decode (= 0.3.901)
    - nanopb/encode (= 0.3.901)
  - nanopb/decode (0.3.901)
  - nanopb/encode (0.3.901)
  - R.swift (5.0.1):
    - R.swift.Library (~> 5.0.0)
  - R.swift.Library (5.0.0)
  - ReachabilitySwift (4.3.0)
  - Result (4.0.1)
  - SDWebImage (4.4.3):
    - SDWebImage/Core (= 4.4.3)
  - SDWebImage/Core (4.4.3)
  - SimulatorStatusMagic (2.4.1)
  - SwiftLint (0.29.3)
  - SyncEngine (0.1.0):
    - BrightFutures (~> 7.0)
    - Marshal (~> 1.2)

DEPENDENCIES:
  - BartyCrouch (from `https://github.com/Flinesoft/BartyCrouch.git`, tag `3.13.0`)
  - Binge (from `./Frameworks/Binge`)
  - BrightFutures (~> 7.0)
  - Crashlytics (~> 3.12.0)
  - Down (= 0.5.2)
  - DZNEmptyDataSet (~> 1.8)
  - Fabric (~> 1.9.0)
  - Firebase/Core
  - HTMLStyler (from `./Frameworks/HTMLStyler`)
  - KeychainAccess (~> 3.1)
  - R.swift (~> 5.0)
  - ReachabilitySwift (~> 4.1)
  - SDWebImage (~> 4.2)
  - SimulatorStatusMagic (~> 2.1)
  - SwiftLint (~> 0.22)
  - SyncEngine (from `./Frameworks/SyncEngine`)

SPEC REPOS:
  https://github.com/cocoapods/specs.git:
    - BrightFutures
    - Crashlytics
    - Down
    - DZNEmptyDataSet
    - Fabric
    - Firebase
    - FirebaseAnalytics
    - FirebaseCore
    - FirebaseInstanceID
    - GoogleAppMeasurement
    - GoogleUtilities
    - KeychainAccess
    - Marshal
    - nanopb
    - R.swift
    - R.swift.Library
    - ReachabilitySwift
    - Result
    - SDWebImage
    - SimulatorStatusMagic
    - SwiftLint

EXTERNAL SOURCES:
  BartyCrouch:
    :git: https://github.com/Flinesoft/BartyCrouch.git
    :tag: 3.13.0
  Binge:
    :path: "./Frameworks/Binge"
  HTMLStyler:
    :path: "./Frameworks/HTMLStyler"
  SyncEngine:
    :path: "./Frameworks/SyncEngine"

CHECKOUT OPTIONS:
  BartyCrouch:
    :git: https://github.com/Flinesoft/BartyCrouch.git
    :tag: 3.13.0

SPEC CHECKSUMS:
  BartyCrouch: 69e5e6ec67e77951dc1c22aa48abbf05d175b81c
  Binge: bfe8e834addb2e3f9ec03e647e6366c513220030
  BrightFutures: 7d7436e937dfc83d814c11920f157fc2a53f5bd5
  Crashlytics: 07fb167b1694128c1c9a5a5cc319b0e9c3ca0933
  Down: 587371ad58002b06023d9c602519216862c3acbc
  DZNEmptyDataSet: 9525833b9e68ac21c30253e1d3d7076cc828eaa7
  Fabric: f988e33c97f08930a413e08123064d2e5f68d655
  Firebase: 8bb9268bff82374f2cbaaabb143e725743c316ae
  FirebaseAnalytics: c06f9d70577d79074214700a71fd5d39de5550fb
  FirebaseCore: 35747502d9e8c6ee217385ad04446c7c2aaf9c5c
  FirebaseInstanceID: e2fa4cb35ef5558c200f7f0ad8a53e212215f93e
  GoogleAppMeasurement: 98b71f5e04142793729a5ef23e5b96651ff4b70f
  GoogleUtilities: 95996bea7c7d9b8fb811b7507669a4a8762f80c7
  HTMLStyler: 72837c551899fda8c5f62dfd9b46432537602d1b
  KeychainAccess: b3816fddcf28aa29d94b10ec305cd52be14c472b
  Marshal: ef480864a6af10a63f67be7e55bb5d8fe67a16d9
  nanopb: 2901f78ea1b7b4015c860c2fdd1ea2fee1a18d48
  R.swift: a8e1a7e7f38441282fbcb7a3c266076eb38b77ba
  R.swift.Library: 0bf390e729bc10bb2c9e4fb78bd043164a7be4ff
  ReachabilitySwift: 408477d1b6ed9779dba301953171e017c31241f3
  Result: a6e784bebf48b471d59cddc1adb81f41f678c487
  SDWebImage: c5594f1a19c48d526d321e548902b56b479cd508
  SimulatorStatusMagic: 28d4a9d1a500ac7cea0b2b5a43c1c6ddb40ba56c
  SwiftLint: bfa7ca7b4d170cfaf0d236ca3ffd969e88a2f002
  SyncEngine: 7382f94cc232d80cce27dd60a06bb1b3aa18f133

PODFILE CHECKSUM: eee32b02229c39370367e40228ec193a43125d97

COCOAPODS: 1.6.0
