PODS:
  - BartyCrouch (3.13.0)
  - BrightFutures (8.0.0)
  - Crashlytics (3.12.0):
    - Fabric (~> 1.9.0)
  - Down (0.6.6)
  - Fabric (1.9.0)
  - Firebase/Core (6.11.0):
    - Firebase/CoreOnly
    - FirebaseAnalytics (= 6.1.3)
  - Firebase/CoreOnly (6.11.0):
    - FirebaseCore (= 6.3.2)
  - FirebaseAnalytics (6.1.3):
    - FirebaseCore (~> 6.3)
    - FirebaseInstanceID (~> 4.2)
    - GoogleAppMeasurement (= 6.1.3)
    - GoogleUtilities/AppDelegateSwizzler (~> 6.0)
    - GoogleUtilities/MethodSwizzler (~> 6.0)
    - GoogleUtilities/Network (~> 6.0)
    - "GoogleUtilities/NSData+zlib (~> 6.0)"
    - nanopb (~> 0.3.901)
  - FirebaseCore (6.3.2):
    - FirebaseCoreDiagnostics (~> 1.0)
    - FirebaseCoreDiagnosticsInterop (~> 1.0)
    - GoogleUtilities/Environment (~> 6.2)
    - GoogleUtilities/Logger (~> 6.2)
  - FirebaseCoreDiagnostics (1.1.1):
    - FirebaseCoreDiagnosticsInterop (~> 1.0)
    - GoogleDataTransportCCTSupport (~> 1.0)
    - GoogleUtilities/Environment (~> 6.2)
    - GoogleUtilities/Logger (~> 6.2)
    - nanopb (~> 0.3.901)
  - FirebaseCoreDiagnosticsInterop (1.1.0)
  - FirebaseInstanceID (4.2.6):
    - FirebaseCore (~> 6.0)
    - GoogleUtilities/Environment (~> 6.0)
    - GoogleUtilities/UserDefaults (~> 6.0)
  - GoogleAppMeasurement (6.1.3):
    - GoogleUtilities/AppDelegateSwizzler (~> 6.0)
    - GoogleUtilities/MethodSwizzler (~> 6.0)
    - GoogleUtilities/Network (~> 6.0)
    - "GoogleUtilities/NSData+zlib (~> 6.0)"
    - nanopb (~> 0.3.901)
  - GoogleDataTransport (3.0.1)
  - GoogleDataTransportCCTSupport (1.2.1):
    - GoogleDataTransport (~> 3.0)
    - nanopb (~> 0.3.901)
  - GoogleUtilities/AppDelegateSwizzler (6.3.1):
    - GoogleUtilities/Environment
    - GoogleUtilities/Logger
    - GoogleUtilities/Network
  - GoogleUtilities/Environment (6.3.1)
  - GoogleUtilities/Logger (6.3.1):
    - GoogleUtilities/Environment
  - GoogleUtilities/MethodSwizzler (6.3.1):
    - GoogleUtilities/Logger
  - GoogleUtilities/Network (6.3.1):
    - GoogleUtilities/Logger
    - "GoogleUtilities/NSData+zlib"
    - GoogleUtilities/Reachability
  - "GoogleUtilities/NSData+zlib (6.3.1)"
  - GoogleUtilities/Reachability (6.3.1):
    - GoogleUtilities/Logger
  - GoogleUtilities/UserDefaults (6.3.1):
    - GoogleUtilities/Logger
  - HTMLStyler (0.0.1)
  - KeychainAccess (3.2.0)
  - Marshal (1.2.7)
  - nanopb (0.3.9011):
    - nanopb/decode (= 0.3.9011)
    - nanopb/encode (= 0.3.9011)
  - nanopb/decode (0.3.9011)
  - nanopb/encode (0.3.9011)
  - R.swift (5.0.3):
    - R.swift.Library (~> 5.0.0)
  - R.swift.Library (5.0.1)
  - ReachabilitySwift (4.3.1)
  - SDWebImage (5.0.1):
    - SDWebImage/Core (= 5.0.1)
  - SDWebImage/Core (5.0.1)
  - SimulatorStatusMagic (2.4.1)
  - SwiftLint (0.35.0)
  - SyncEngine (0.1.0):
    - BrightFutures (~> 8.0)
    - Marshal (~> 1.2)

DEPENDENCIES:
  - BartyCrouch (from `https://github.com/Flinesoft/BartyCrouch.git`, tag `3.13.0`)
  - BrightFutures (~> 8.0)
  - Crashlytics (~> 3.12.0)
  - Down (~> 0.5)
  - Fabric (~> 1.9.0)
  - Firebase/Core
  - HTMLStyler (from `./Frameworks/HTMLStyler`)
  - KeychainAccess (~> 3.1)
  - R.swift (~> 5.0)
  - ReachabilitySwift (~> 4.1)
  - SDWebImage (~> 5.0)
  - SimulatorStatusMagic (~> 2.1)
  - SwiftLint (~> 0.22)
  - SyncEngine (from `./Frameworks/SyncEngine`)

SPEC REPOS:
  trunk:
    - BrightFutures
    - Crashlytics
    - Down
    - Fabric
    - Firebase
    - FirebaseAnalytics
    - FirebaseCore
    - FirebaseCoreDiagnostics
    - FirebaseCoreDiagnosticsInterop
    - FirebaseInstanceID
    - GoogleAppMeasurement
    - GoogleDataTransport
    - GoogleDataTransportCCTSupport
    - GoogleUtilities
    - KeychainAccess
    - Marshal
    - nanopb
    - R.swift
    - R.swift.Library
    - ReachabilitySwift
    - SDWebImage
    - SimulatorStatusMagic
    - SwiftLint

EXTERNAL SOURCES:
  BartyCrouch:
    :git: https://github.com/Flinesoft/BartyCrouch.git
    :tag: 3.13.0
  HTMLStyler:
    :path: "./Frameworks/HTMLStyler"
  SyncEngine:
    :path: "./Frameworks/SyncEngine"

CHECKOUT OPTIONS:
  BartyCrouch:
    :git: https://github.com/Flinesoft/BartyCrouch.git
    :tag: 3.13.0

SPEC CHECKSUMS:
  BartyCrouch: 69e5e6ec67e77951dc1c22aa48abbf05d175b81c
  BrightFutures: f8427b46feabaf73c5e71ace7d86d65dfbb47696
  Crashlytics: 07fb167b1694128c1c9a5a5cc319b0e9c3ca0933
  Down: 71bf4af3c04fa093e65dffa25c4b64fa61287373
  Fabric: f988e33c97f08930a413e08123064d2e5f68d655
  Firebase: bc9cfc7a96c73268656d5aaab453ff1b4b530e0e
  FirebaseAnalytics: 0e3ecff2c5d86070f7d4325e21f1edabfbd558dc
  FirebaseCore: beeff42c07c30ea94702471d99db2089b594fbbd
  FirebaseCoreDiagnostics: af29e43048607588c050889d19204f4d7b758c9f
  FirebaseCoreDiagnosticsInterop: e9b1b023157e3a2fc6418b5cb601e79b9af7b3a0
  FirebaseInstanceID: d0eafcd8bdbd3447cd694594734078c3e3e77d8b
  GoogleAppMeasurement: 434cc7be25e71dc04b8d0e3079125127b330e84a
  GoogleDataTransport: 166f9b9f82cbf60a204e8fe2daa9db3e3ec1fb15
  GoogleDataTransportCCTSupport: f6ab1962e9dc05ab1fb938b795e5b310209edeec
  GoogleUtilities: f895fde57977df4e0233edda0dbeac490e3703b6
  HTMLStyler: 72837c551899fda8c5f62dfd9b46432537602d1b
  KeychainAccess: 3b1bf8a77eb4c6ea1ce9404c292e48f948954c6b
  Marshal: ef480864a6af10a63f67be7e55bb5d8fe67a16d9
  nanopb: 18003b5e52dab79db540fe93fe9579f399bd1ccd
  R.swift: f5a87643b91ea569d23d6afb3eee9c743edde239
  R.swift.Library: cfe85d569d9bae6cb262922db130e7c3a7a5fad1
  ReachabilitySwift: 4032e2f59586e11e3b0ebe15b167abdd587a388b
  SDWebImage: 27dd2c9ea07a2252f94557c9fbb6105ee94b74c9
  SimulatorStatusMagic: 28d4a9d1a500ac7cea0b2b5a43c1c6ddb40ba56c
  SwiftLint: 5553187048b900c91aa03552807681bb6b027846
  SyncEngine: 0b941e576dfb5073344d043fbc70919c42c32435

PODFILE CHECKSUM: f9fb08ad5b58dcf56db7754386560cace107da46

COCOAPODS: 1.8.4
