// !$*UTF8*$!
{
	archiveVersion = 1;
	classes = {
	};
	objectVersion = 48;
	objects = {

/* Begin PBXBuildFile section */
		504D8427215D2FBA006F2447 /* Tests.swift in Sources */ = {isa = PBXBuildFile; fileRef = 504D8426215D2FBA006F2447 /* Tests.swift */; };
		504D8429215D2FBA006F2447 /* SyncEngine.framework in Frameworks */ = {isa = PBXBuildFile; fileRef = CE409AB620D291EA009876A9 /* SyncEngine.framework */; };
		504D842F215D2FD7006F2447 /* BrightFutureTests.swift in Sources */ = {isa = PBXBuildFile; fileRef = 504D841E215D2F9F006F2447 /* BrightFutureTests.swift */; };
		504D8438215D30A8006F2447 /* SyncNetworker.swift in Sources */ = {isa = PBXBuildFile; fileRef = 504D8432215D30A6006F2447 /* SyncNetworker.swift */; };
		504D8439215D30A8006F2447 /* Validatable.swift in Sources */ = {isa = PBXBuildFile; fileRef = 504D8433215D30A6006F2447 /* Validatable.swift */; };
		504D843A215D30A8006F2447 /* JSONAPIPushable.swift in Sources */ = {isa = PBXBuildFile; fileRef = 504D8434215D30A7006F2447 /* JSONAPIPushable.swift */; };
		504D843B215D30A8006F2447 /* JSONAPIValidatable.swift in Sources */ = {isa = PBXBuildFile; fileRef = 504D8435215D30A7006F2447 /* JSONAPIValidatable.swift */; };
		504D843C215D30A8006F2447 /* JSONAPIPullable.swift in Sources */ = {isa = PBXBuildFile; fileRef = 504D8436215D30A7006F2447 /* JSONAPIPullable.swift */; };
		504D843D215D30A8006F2447 /* IncludedPushable.swift in Sources */ = {isa = PBXBuildFile; fileRef = 504D8437215D30A8006F2447 /* IncludedPushable.swift */; };
		504D8441215D30F6006F2447 /* SingleResourceQuery.swift in Sources */ = {isa = PBXBuildFile; fileRef = 504D843F215D30F6006F2447 /* SingleResourceQuery.swift */; };
		504D8442215D30F6006F2447 /* MultiResourceQuery.swift in Sources */ = {isa = PBXBuildFile; fileRef = 504D8440215D30F6006F2447 /* MultiResourceQuery.swift */; };
		504D8448215D31A6006F2447 /* SyncEngineOperation.swift in Sources */ = {isa = PBXBuildFile; fileRef = 504D8443215D31A6006F2447 /* SyncEngineOperation.swift */; };
		504D8449215D31A6006F2447 /* TypeAliases.swift in Sources */ = {isa = PBXBuildFile; fileRef = 504D8444215D31A6006F2447 /* TypeAliases.swift */; };
		504D844A215D31A6006F2447 /* Results.swift in Sources */ = {isa = PBXBuildFile; fileRef = 504D8445215D31A6006F2447 /* Results.swift */; };
		504D844B215D31A6006F2447 /* ResourceTypeRepresentable.swift in Sources */ = {isa = PBXBuildFile; fileRef = 504D8446215D31A6006F2447 /* ResourceTypeRepresentable.swift */; };
		504D844C215D31A6006F2447 /* ObjectState.swift in Sources */ = {isa = PBXBuildFile; fileRef = 504D8447215D31A6006F2447 /* ObjectState.swift */; };
		CE409ABB20D291EA009876A9 /* SyncEngine.h in Headers */ = {isa = PBXBuildFile; fileRef = CE409AB920D291EA009876A9 /* SyncEngine.h */; settings = {ATTRIBUTES = (Public, ); }; };
		CE409ACF20D2925C009876A9 /* ResourceRepresentable.swift in Sources */ = {isa = PBXBuildFile; fileRef = CE409AC120D2925A009876A9 /* ResourceRepresentable.swift */; };
		CE409AD020D2925C009876A9 /* SynchronizationContext.swift in Sources */ = {isa = PBXBuildFile; fileRef = CE409AC220D2925A009876A9 /* SynchronizationContext.swift */; };
		CE409AD120D2925C009876A9 /* ResourceIdentifier.swift in Sources */ = {isa = PBXBuildFile; fileRef = CE409AC320D2925A009876A9 /* ResourceIdentifier.swift */; };
		CE409AD220D2925D009876A9 /* SyncEngine.swift in Sources */ = {isa = PBXBuildFile; fileRef = CE409AC420D2925A009876A9 /* SyncEngine.swift */; };
		CE409AD320D2925D009876A9 /* AsyncType+inject.swift in Sources */ = {isa = PBXBuildFile; fileRef = CE409AC520D2925A009876A9 /* AsyncType+inject.swift */; };
		CE409AD520D2925D009876A9 /* Pushable.swift in Sources */ = {isa = PBXBuildFile; fileRef = CE409AC720D2925B009876A9 /* Pushable.swift */; };
		CE409AD920D2925D009876A9 /* ResourceQuery.swift in Sources */ = {isa = PBXBuildFile; fileRef = CE409ACB20D2925C009876A9 /* ResourceQuery.swift */; };
		CE409ADA20D2925D009876A9 /* SynchronizationError.swift in Sources */ = {isa = PBXBuildFile; fileRef = CE409ACC20D2925C009876A9 /* SynchronizationError.swift */; };
		CE409ADB20D2925D009876A9 /* Pullable.swift in Sources */ = {isa = PBXBuildFile; fileRef = CE409ACD20D2925C009876A9 /* Pullable.swift */; };
		CE409ADC20D2925D009876A9 /* Future+retry.swift in Sources */ = {isa = PBXBuildFile; fileRef = CE409ACE20D2925C009876A9 /* Future+retry.swift */; };
		CE409AE820D293D9009876A9 /* BrightFutures.framework in Frameworks */ = {isa = PBXBuildFile; fileRef = CE409AE920D293D9009876A9 /* BrightFutures.framework */; };
/* End PBXBuildFile section */

/* Begin PBXContainerItemProxy section */
		504D842A215D2FBA006F2447 /* PBXContainerItemProxy */ = {
			isa = PBXContainerItemProxy;
			containerPortal = CE409AAD20D291EA009876A9 /* Project object */;
			proxyType = 1;
			remoteGlobalIDString = CE409AB520D291EA009876A9;
			remoteInfo = SyncEngine;
		};
/* End PBXContainerItemProxy section */

/* Begin PBXFileReference section */
		504D841E215D2F9F006F2447 /* BrightFutureTests.swift */ = {isa = PBXFileReference; fileEncoding = 4; lastKnownFileType = sourcecode.swift; path = BrightFutureTests.swift; sourceTree = "<group>"; };
		504D8424215D2FBA006F2447 /* Tests.xctest */ = {isa = PBXFileReference; explicitFileType = wrapper.cfbundle; includeInIndex = 0; path = Tests.xctest; sourceTree = BUILT_PRODUCTS_DIR; };
		504D8426215D2FBA006F2447 /* Tests.swift */ = {isa = PBXFileReference; lastKnownFileType = sourcecode.swift; path = Tests.swift; sourceTree = "<group>"; };
		504D8428215D2FBA006F2447 /* Info.plist */ = {isa = PBXFileReference; lastKnownFileType = text.plist.xml; path = Info.plist; sourceTree = "<group>"; };
		504D8432215D30A6006F2447 /* SyncNetworker.swift */ = {isa = PBXFileReference; fileEncoding = 4; lastKnownFileType = sourcecode.swift; path = SyncNetworker.swift; sourceTree = "<group>"; };
		504D8433215D30A6006F2447 /* Validatable.swift */ = {isa = PBXFileReference; fileEncoding = 4; lastKnownFileType = sourcecode.swift; path = Validatable.swift; sourceTree = "<group>"; };
		504D8434215D30A7006F2447 /* JSONAPIPushable.swift */ = {isa = PBXFileReference; fileEncoding = 4; lastKnownFileType = sourcecode.swift; path = JSONAPIPushable.swift; sourceTree = "<group>"; };
		504D8435215D30A7006F2447 /* JSONAPIValidatable.swift */ = {isa = PBXFileReference; fileEncoding = 4; lastKnownFileType = sourcecode.swift; path = JSONAPIValidatable.swift; sourceTree = "<group>"; };
		504D8436215D30A7006F2447 /* JSONAPIPullable.swift */ = {isa = PBXFileReference; fileEncoding = 4; lastKnownFileType = sourcecode.swift; path = JSONAPIPullable.swift; sourceTree = "<group>"; };
		504D8437215D30A8006F2447 /* IncludedPushable.swift */ = {isa = PBXFileReference; fileEncoding = 4; lastKnownFileType = sourcecode.swift; path = IncludedPushable.swift; sourceTree = "<group>"; };
		504D843F215D30F6006F2447 /* SingleResourceQuery.swift */ = {isa = PBXFileReference; fileEncoding = 4; lastKnownFileType = sourcecode.swift; path = SingleResourceQuery.swift; sourceTree = "<group>"; };
		504D8440215D30F6006F2447 /* MultiResourceQuery.swift */ = {isa = PBXFileReference; fileEncoding = 4; lastKnownFileType = sourcecode.swift; path = MultiResourceQuery.swift; sourceTree = "<group>"; };
		504D8443215D31A6006F2447 /* SyncEngineOperation.swift */ = {isa = PBXFileReference; fileEncoding = 4; lastKnownFileType = sourcecode.swift; path = SyncEngineOperation.swift; sourceTree = "<group>"; };
		504D8444215D31A6006F2447 /* TypeAliases.swift */ = {isa = PBXFileReference; fileEncoding = 4; lastKnownFileType = sourcecode.swift; path = TypeAliases.swift; sourceTree = "<group>"; };
		504D8445215D31A6006F2447 /* Results.swift */ = {isa = PBXFileReference; fileEncoding = 4; lastKnownFileType = sourcecode.swift; path = Results.swift; sourceTree = "<group>"; };
		504D8446215D31A6006F2447 /* ResourceTypeRepresentable.swift */ = {isa = PBXFileReference; fileEncoding = 4; lastKnownFileType = sourcecode.swift; path = ResourceTypeRepresentable.swift; sourceTree = "<group>"; };
		504D8447215D31A6006F2447 /* ObjectState.swift */ = {isa = PBXFileReference; fileEncoding = 4; lastKnownFileType = sourcecode.swift; path = ObjectState.swift; sourceTree = "<group>"; };
		CE409AB620D291EA009876A9 /* SyncEngine.framework */ = {isa = PBXFileReference; explicitFileType = wrapper.framework; includeInIndex = 0; path = SyncEngine.framework; sourceTree = BUILT_PRODUCTS_DIR; };
		CE409AB920D291EA009876A9 /* SyncEngine.h */ = {isa = PBXFileReference; lastKnownFileType = sourcecode.c.h; name = SyncEngine.h; path = ../SyncEngine/SyncEngine.h; sourceTree = "<group>"; };
		CE409AC120D2925A009876A9 /* ResourceRepresentable.swift */ = {isa = PBXFileReference; lastKnownFileType = sourcecode.swift; path = ResourceRepresentable.swift; sourceTree = "<group>"; };
		CE409AC220D2925A009876A9 /* SynchronizationContext.swift */ = {isa = PBXFileReference; lastKnownFileType = sourcecode.swift; path = SynchronizationContext.swift; sourceTree = "<group>"; };
		CE409AC320D2925A009876A9 /* ResourceIdentifier.swift */ = {isa = PBXFileReference; lastKnownFileType = sourcecode.swift; path = ResourceIdentifier.swift; sourceTree = "<group>"; };
		CE409AC420D2925A009876A9 /* SyncEngine.swift */ = {isa = PBXFileReference; lastKnownFileType = sourcecode.swift; path = SyncEngine.swift; sourceTree = "<group>"; };
		CE409AC520D2925A009876A9 /* AsyncType+inject.swift */ = {isa = PBXFileReference; lastKnownFileType = sourcecode.swift; path = "AsyncType+inject.swift"; sourceTree = "<group>"; };
		CE409AC720D2925B009876A9 /* Pushable.swift */ = {isa = PBXFileReference; lastKnownFileType = sourcecode.swift; path = Pushable.swift; sourceTree = "<group>"; };
		CE409ACB20D2925C009876A9 /* ResourceQuery.swift */ = {isa = PBXFileReference; lastKnownFileType = sourcecode.swift; name = ResourceQuery.swift; path = Sources/ResourceQuery/ResourceQuery.swift; sourceTree = SOURCE_ROOT; };
		CE409ACC20D2925C009876A9 /* SynchronizationError.swift */ = {isa = PBXFileReference; lastKnownFileType = sourcecode.swift; path = SynchronizationError.swift; sourceTree = "<group>"; };
		CE409ACD20D2925C009876A9 /* Pullable.swift */ = {isa = PBXFileReference; lastKnownFileType = sourcecode.swift; path = Pullable.swift; sourceTree = "<group>"; };
		CE409ACE20D2925C009876A9 /* Future+retry.swift */ = {isa = PBXFileReference; lastKnownFileType = sourcecode.swift; path = "Future+retry.swift"; sourceTree = "<group>"; };
		CE409AE320D2934B009876A9 /* BrightFutures.framework */ = {isa = PBXFileReference; explicitFileType = wrapper.framework; path = BrightFutures.framework; sourceTree = BUILT_PRODUCTS_DIR; };
		CE409AE520D29369009876A9 /* Pods_schulcloud.framework */ = {isa = PBXFileReference; explicitFileType = wrapper.framework; path = Pods_schulcloud.framework; sourceTree = BUILT_PRODUCTS_DIR; };
		CE409AE720D293A6009876A9 /* BrightFutures.framework */ = {isa = PBXFileReference; explicitFileType = wrapper.framework; path = BrightFutures.framework; sourceTree = BUILT_PRODUCTS_DIR; };
		CE409AE920D293D9009876A9 /* BrightFutures.framework */ = {isa = PBXFileReference; explicitFileType = wrapper.framework; path = BrightFutures.framework; sourceTree = BUILT_PRODUCTS_DIR; };
/* End PBXFileReference section */

/* Begin PBXFrameworksBuildPhase section */
		504D8421215D2FBA006F2447 /* Frameworks */ = {
			isa = PBXFrameworksBuildPhase;
			buildActionMask = 2147483647;
			files = (
				504D8429215D2FBA006F2447 /* SyncEngine.framework in Frameworks */,
			);
			runOnlyForDeploymentPostprocessing = 0;
		};
		CE409AB220D291EA009876A9 /* Frameworks */ = {
			isa = PBXFrameworksBuildPhase;
			buildActionMask = 2147483647;
			files = (
				CE409AE820D293D9009876A9 /* BrightFutures.framework in Frameworks */,
			);
			runOnlyForDeploymentPostprocessing = 0;
		};
/* End PBXFrameworksBuildPhase section */

/* Begin PBXGroup section */
		504D8419215D2ED6006F2447 /* SyncEngine */ = {
			isa = PBXGroup;
			children = (
				CE409AB920D291EA009876A9 /* SyncEngine.h */,
			);
			path = SyncEngine;
			sourceTree = "<group>";
		};
		504D841C215D2F35006F2447 /* Tests */ = {
			isa = PBXGroup;
			children = (
				504D841D215D2F8C006F2447 /* Extensions */,
			);
			path = Tests;
			sourceTree = "<group>";
		};
		504D841D215D2F8C006F2447 /* Extensions */ = {
			isa = PBXGroup;
			children = (
				504D841E215D2F9F006F2447 /* BrightFutureTests.swift */,
			);
			path = Extensions;
			sourceTree = "<group>";
		};
		504D8425215D2FBA006F2447 /* Tests */ = {
			isa = PBXGroup;
			children = (
				504D8426215D2FBA006F2447 /* Tests.swift */,
				504D8428215D2FBA006F2447 /* Info.plist */,
			);
			path = Tests;
			sourceTree = "<group>";
		};
		504D8430215D300E006F2447 /* Extensions */ = {
			isa = PBXGroup;
			children = (
				CE409ACE20D2925C009876A9 /* Future+retry.swift */,
				CE409AC520D2925A009876A9 /* AsyncType+inject.swift */,
			);
			path = Extensions;
			sourceTree = "<group>";
		};
		504D8431215D304B006F2447 /* Protocols */ = {
			isa = PBXGroup;
			children = (
				CE409ACD20D2925C009876A9 /* Pullable.swift */,
				CE409AC720D2925B009876A9 /* Pushable.swift */,
				504D8437215D30A8006F2447 /* IncludedPushable.swift */,
				504D8436215D30A7006F2447 /* JSONAPIPullable.swift */,
				504D8434215D30A7006F2447 /* JSONAPIPushable.swift */,
				504D8435215D30A7006F2447 /* JSONAPIValidatable.swift */,
				504D8432215D30A6006F2447 /* SyncNetworker.swift */,
				504D8433215D30A6006F2447 /* Validatable.swift */,
			);
			path = Protocols;
			sourceTree = "<group>";
		};
		504D843E215D30D4006F2447 /* ResourceQuery */ = {
			isa = PBXGroup;
			children = (
				CE409ACB20D2925C009876A9 /* ResourceQuery.swift */,
				504D843F215D30F6006F2447 /* SingleResourceQuery.swift */,
				504D8440215D30F6006F2447 /* MultiResourceQuery.swift */,
			);
			path = ResourceQuery;
			sourceTree = "<group>";
		};
		CE409AAC20D291EA009876A9 = {
			isa = PBXGroup;
			children = (
				504D8419215D2ED6006F2447 /* SyncEngine */,
				CE409AB820D291EA009876A9 /* Sources */,
				504D841C215D2F35006F2447 /* Tests */,
				504D8425215D2FBA006F2447 /* Tests */,
				CE409AB720D291EA009876A9 /* Products */,
				CE409AE120D2934B009876A9 /* Frameworks */,
			);
			sourceTree = "<group>";
		};
		CE409AB720D291EA009876A9 /* Products */ = {
			isa = PBXGroup;
			children = (
				CE409AB620D291EA009876A9 /* SyncEngine.framework */,
				504D8424215D2FBA006F2447 /* Tests.xctest */,
			);
			name = Products;
			sourceTree = "<group>";
		};
		CE409AB820D291EA009876A9 /* Sources */ = {
			isa = PBXGroup;
			children = (
				504D8430215D300E006F2447 /* Extensions */,
				504D8431215D304B006F2447 /* Protocols */,
				504D843E215D30D4006F2447 /* ResourceQuery */,
				CE409AC420D2925A009876A9 /* SyncEngine.swift */,
				CE409AC320D2925A009876A9 /* ResourceIdentifier.swift */,
				CE409AC120D2925A009876A9 /* ResourceRepresentable.swift */,
				CE409ACC20D2925C009876A9 /* SynchronizationError.swift */,
				CE409AC220D2925A009876A9 /* SynchronizationContext.swift */,
				504D8447215D31A6006F2447 /* ObjectState.swift */,
				504D8446215D31A6006F2447 /* ResourceTypeRepresentable.swift */,
				504D8445215D31A6006F2447 /* Results.swift */,
				504D8443215D31A6006F2447 /* SyncEngineOperation.swift */,
				504D8444215D31A6006F2447 /* TypeAliases.swift */,
			);
			path = Sources;
			sourceTree = "<group>";
		};
		CE409AE120D2934B009876A9 /* Frameworks */ = {
			isa = PBXGroup;
			children = (
				CE409AE920D293D9009876A9 /* BrightFutures.framework */,
				CE409AE720D293A6009876A9 /* BrightFutures.framework */,
				CE409AE520D29369009876A9 /* Pods_schulcloud.framework */,
				CE409AE320D2934B009876A9 /* BrightFutures.framework */,
			);
			name = Frameworks;
			sourceTree = "<group>";
		};
/* End PBXGroup section */

/* Begin PBXHeadersBuildPhase section */
		CE409AB320D291EA009876A9 /* Headers */ = {
			isa = PBXHeadersBuildPhase;
			buildActionMask = 2147483647;
			files = (
				CE409ABB20D291EA009876A9 /* SyncEngine.h in Headers */,
			);
			runOnlyForDeploymentPostprocessing = 0;
		};
/* End PBXHeadersBuildPhase section */

/* Begin PBXNativeTarget section */
		504D8423215D2FBA006F2447 /* Tests */ = {
			isa = PBXNativeTarget;
			buildConfigurationList = 504D842C215D2FBA006F2447 /* Build configuration list for PBXNativeTarget "Tests" */;
			buildPhases = (
				504D8420215D2FBA006F2447 /* Sources */,
				504D8421215D2FBA006F2447 /* Frameworks */,
				504D8422215D2FBA006F2447 /* Resources */,
			);
			buildRules = (
			);
			dependencies = (
				504D842B215D2FBA006F2447 /* PBXTargetDependency */,
			);
			name = Tests;
			productName = Tests;
			productReference = 504D8424215D2FBA006F2447 /* Tests.xctest */;
			productType = "com.apple.product-type.bundle.unit-test";
		};
		CE409AB520D291EA009876A9 /* SyncEngine */ = {
			isa = PBXNativeTarget;
			buildConfigurationList = CE409ABE20D291EA009876A9 /* Build configuration list for PBXNativeTarget "SyncEngine" */;
			buildPhases = (
				CE409AB120D291EA009876A9 /* Sources */,
				CE409AB220D291EA009876A9 /* Frameworks */,
				CE409AB320D291EA009876A9 /* Headers */,
				CE409AB420D291EA009876A9 /* Resources */,
			);
			buildRules = (
			);
			dependencies = (
			);
			name = SyncEngine;
			productName = SyncEngine;
			productReference = CE409AB620D291EA009876A9 /* SyncEngine.framework */;
			productType = "com.apple.product-type.framework";
		};
/* End PBXNativeTarget section */

/* Begin PBXProject section */
		CE409AAD20D291EA009876A9 /* Project object */ = {
			isa = PBXProject;
			attributes = {
				LastSwiftUpdateCheck = 1000;
				LastUpgradeCheck = 0920;
				ORGANIZATIONNAME = "Hasso-Plattner-Institut";
				TargetAttributes = {
					504D8423215D2FBA006F2447 = {
						CreatedOnToolsVersion = 10.0;
						ProvisioningStyle = Automatic;
					};
					CE409AB520D291EA009876A9 = {
						CreatedOnToolsVersion = 9.2;
						ProvisioningStyle = Automatic;
					};
				};
			};
			buildConfigurationList = CE409AB020D291EA009876A9 /* Build configuration list for PBXProject "SyncEngine" */;
			compatibilityVersion = "Xcode 8.0";
			developmentRegion = en;
			hasScannedForEncodings = 0;
			knownRegions = (
				en,
			);
			mainGroup = CE409AAC20D291EA009876A9;
			productRefGroup = CE409AB720D291EA009876A9 /* Products */;
			projectDirPath = "";
			projectRoot = "";
			targets = (
				CE409AB520D291EA009876A9 /* SyncEngine */,
				504D8423215D2FBA006F2447 /* Tests */,
			);
		};
/* End PBXProject section */

/* Begin PBXResourcesBuildPhase section */
		504D8422215D2FBA006F2447 /* Resources */ = {
			isa = PBXResourcesBuildPhase;
			buildActionMask = 2147483647;
			files = (
			);
			runOnlyForDeploymentPostprocessing = 0;
		};
		CE409AB420D291EA009876A9 /* Resources */ = {
			isa = PBXResourcesBuildPhase;
			buildActionMask = 2147483647;
			files = (
			);
			runOnlyForDeploymentPostprocessing = 0;
		};
/* End PBXResourcesBuildPhase section */

/* Begin PBXSourcesBuildPhase section */
		504D8420215D2FBA006F2447 /* Sources */ = {
			isa = PBXSourcesBuildPhase;
			buildActionMask = 2147483647;
			files = (
				504D842F215D2FD7006F2447 /* BrightFutureTests.swift in Sources */,
				504D8427215D2FBA006F2447 /* Tests.swift in Sources */,
			);
			runOnlyForDeploymentPostprocessing = 0;
		};
		CE409AB120D291EA009876A9 /* Sources */ = {
			isa = PBXSourcesBuildPhase;
			buildActionMask = 2147483647;
			files = (
				504D844B215D31A6006F2447 /* ResourceTypeRepresentable.swift in Sources */,
				504D8442215D30F6006F2447 /* MultiResourceQuery.swift in Sources */,
				CE409ADB20D2925D009876A9 /* Pullable.swift in Sources */,
				CE409AD920D2925D009876A9 /* ResourceQuery.swift in Sources */,
				504D844A215D31A6006F2447 /* Results.swift in Sources */,
				504D843C215D30A8006F2447 /* JSONAPIPullable.swift in Sources */,
				CE409AD520D2925D009876A9 /* Pushable.swift in Sources */,
				CE409AD120D2925C009876A9 /* ResourceIdentifier.swift in Sources */,
				CE409AD020D2925C009876A9 /* SynchronizationContext.swift in Sources */,
				CE409ADA20D2925D009876A9 /* SynchronizationError.swift in Sources */,
				504D8449215D31A6006F2447 /* TypeAliases.swift in Sources */,
				504D844C215D31A6006F2447 /* ObjectState.swift in Sources */,
				504D843A215D30A8006F2447 /* JSONAPIPushable.swift in Sources */,
				504D8438215D30A8006F2447 /* SyncNetworker.swift in Sources */,
				504D8441215D30F6006F2447 /* SingleResourceQuery.swift in Sources */,
				CE409AD320D2925D009876A9 /* AsyncType+inject.swift in Sources */,
				504D8439215D30A8006F2447 /* Validatable.swift in Sources */,
				CE409AD220D2925D009876A9 /* SyncEngine.swift in Sources */,
				504D8448215D31A6006F2447 /* SyncEngineOperation.swift in Sources */,
				504D843B215D30A8006F2447 /* JSONAPIValidatable.swift in Sources */,
				CE409ACF20D2925C009876A9 /* ResourceRepresentable.swift in Sources */,
				504D843D215D30A8006F2447 /* IncludedPushable.swift in Sources */,
				CE409ADC20D2925D009876A9 /* Future+retry.swift in Sources */,
			);
			runOnlyForDeploymentPostprocessing = 0;
		};
/* End PBXSourcesBuildPhase section */

/* Begin PBXTargetDependency section */
		504D842B215D2FBA006F2447 /* PBXTargetDependency */ = {
			isa = PBXTargetDependency;
			target = CE409AB520D291EA009876A9 /* SyncEngine */;
			targetProxy = 504D842A215D2FBA006F2447 /* PBXContainerItemProxy */;
		};
/* End PBXTargetDependency section */

/* Begin XCBuildConfiguration section */
		504D842D215D2FBA006F2447 /* Debug */ = {
			isa = XCBuildConfiguration;
			buildSettings = {
				CLANG_ENABLE_OBJC_WEAK = YES;
				CLANG_WARN_DEPRECATED_OBJC_IMPLEMENTATIONS = YES;
				CLANG_WARN_OBJC_IMPLICIT_RETAIN_SELF = YES;
				CODE_SIGN_STYLE = Automatic;
				DEVELOPMENT_TEAM = 3YVY2RHHVQ;
				INFOPLIST_FILE = Tests/Info.plist;
				IPHONEOS_DEPLOYMENT_TARGET = 12.0;
				LD_RUNPATH_SEARCH_PATHS = "$(inherited) @executable_path/Frameworks @loader_path/Frameworks";
				MTL_ENABLE_DEBUG_INFO = INCLUDE_SOURCE;
				MTL_FAST_MATH = YES;
				PRODUCT_BUNDLE_IDENTIFIER = de.xikolo.Tests;
				PRODUCT_NAME = "$(TARGET_NAME)";
				TARGETED_DEVICE_FAMILY = "1,2";
			};
			name = Debug;
		};
		504D842E215D2FBA006F2447 /* Release */ = {
			isa = XCBuildConfiguration;
			buildSettings = {
				CLANG_ENABLE_OBJC_WEAK = YES;
				CLANG_WARN_DEPRECATED_OBJC_IMPLEMENTATIONS = YES;
				CLANG_WARN_OBJC_IMPLICIT_RETAIN_SELF = YES;
				CODE_SIGN_STYLE = Automatic;
				DEVELOPMENT_TEAM = 3YVY2RHHVQ;
				INFOPLIST_FILE = Tests/Info.plist;
				IPHONEOS_DEPLOYMENT_TARGET = 12.0;
				LD_RUNPATH_SEARCH_PATHS = "$(inherited) @executable_path/Frameworks @loader_path/Frameworks";
				MTL_FAST_MATH = YES;
				PRODUCT_BUNDLE_IDENTIFIER = de.xikolo.Tests;
				PRODUCT_NAME = "$(TARGET_NAME)";
				TARGETED_DEVICE_FAMILY = "1,2";
			};
			name = Release;
		};
		CE409ABC20D291EA009876A9 /* Debug */ = {
			isa = XCBuildConfiguration;
			buildSettings = {
				ALWAYS_SEARCH_USER_PATHS = NO;
				CLANG_ANALYZER_NONNULL = YES;
				CLANG_ANALYZER_NUMBER_OBJECT_CONVERSION = YES_AGGRESSIVE;
				CLANG_CXX_LANGUAGE_STANDARD = "gnu++14";
				CLANG_CXX_LIBRARY = "libc++";
				CLANG_ENABLE_MODULES = YES;
				CLANG_ENABLE_OBJC_ARC = YES;
				CLANG_WARN_BLOCK_CAPTURE_AUTORELEASING = YES;
				CLANG_WARN_BOOL_CONVERSION = YES;
				CLANG_WARN_COMMA = YES;
				CLANG_WARN_CONSTANT_CONVERSION = YES;
				CLANG_WARN_DIRECT_OBJC_ISA_USAGE = YES_ERROR;
				CLANG_WARN_DOCUMENTATION_COMMENTS = YES;
				CLANG_WARN_EMPTY_BODY = YES;
				CLANG_WARN_ENUM_CONVERSION = YES;
				CLANG_WARN_INFINITE_RECURSION = YES;
				CLANG_WARN_INT_CONVERSION = YES;
				CLANG_WARN_NON_LITERAL_NULL_CONVERSION = YES;
				CLANG_WARN_OBJC_LITERAL_CONVERSION = YES;
				CLANG_WARN_OBJC_ROOT_CLASS = YES_ERROR;
				CLANG_WARN_RANGE_LOOP_ANALYSIS = YES;
				CLANG_WARN_STRICT_PROTOTYPES = YES;
				CLANG_WARN_SUSPICIOUS_MOVE = YES;
				CLANG_WARN_UNGUARDED_AVAILABILITY = YES_AGGRESSIVE;
				CLANG_WARN_UNREACHABLE_CODE = YES;
				CLANG_WARN__DUPLICATE_METHOD_MATCH = YES;
				CODE_SIGN_IDENTITY = "iPhone Developer";
				COPY_PHASE_STRIP = NO;
				CURRENT_PROJECT_VERSION = 1;
				DEBUG_INFORMATION_FORMAT = dwarf;
				ENABLE_STRICT_OBJC_MSGSEND = YES;
				ENABLE_TESTABILITY = YES;
				GCC_C_LANGUAGE_STANDARD = gnu11;
				GCC_DYNAMIC_NO_PIC = NO;
				GCC_NO_COMMON_BLOCKS = YES;
				GCC_OPTIMIZATION_LEVEL = 0;
				GCC_PREPROCESSOR_DEFINITIONS = (
					"DEBUG=1",
					"$(inherited)",
				);
				GCC_WARN_64_TO_32_BIT_CONVERSION = YES;
				GCC_WARN_ABOUT_RETURN_TYPE = YES_ERROR;
				GCC_WARN_UNDECLARED_SELECTOR = YES;
				GCC_WARN_UNINITIALIZED_AUTOS = YES_AGGRESSIVE;
				GCC_WARN_UNUSED_FUNCTION = YES;
				GCC_WARN_UNUSED_VARIABLE = YES;
				IPHONEOS_DEPLOYMENT_TARGET = 10.0;
				MTL_ENABLE_DEBUG_INFO = YES;
				ONLY_ACTIVE_ARCH = YES;
				SDKROOT = iphoneos;
				SWIFT_ACTIVE_COMPILATION_CONDITIONS = DEBUG;
				SWIFT_OPTIMIZATION_LEVEL = "-Onone";
				SWIFT_VERSION = 5.0;
				VERSIONING_SYSTEM = "apple-generic";
				VERSION_INFO_PREFIX = "";
			};
			name = Debug;
		};
		CE409ABD20D291EA009876A9 /* Release */ = {
			isa = XCBuildConfiguration;
			buildSettings = {
				ALWAYS_SEARCH_USER_PATHS = NO;
				CLANG_ANALYZER_NONNULL = YES;
				CLANG_ANALYZER_NUMBER_OBJECT_CONVERSION = YES_AGGRESSIVE;
				CLANG_CXX_LANGUAGE_STANDARD = "gnu++14";
				CLANG_CXX_LIBRARY = "libc++";
				CLANG_ENABLE_MODULES = YES;
				CLANG_ENABLE_OBJC_ARC = YES;
				CLANG_WARN_BLOCK_CAPTURE_AUTORELEASING = YES;
				CLANG_WARN_BOOL_CONVERSION = YES;
				CLANG_WARN_COMMA = YES;
				CLANG_WARN_CONSTANT_CONVERSION = YES;
				CLANG_WARN_DIRECT_OBJC_ISA_USAGE = YES_ERROR;
				CLANG_WARN_DOCUMENTATION_COMMENTS = YES;
				CLANG_WARN_EMPTY_BODY = YES;
				CLANG_WARN_ENUM_CONVERSION = YES;
				CLANG_WARN_INFINITE_RECURSION = YES;
				CLANG_WARN_INT_CONVERSION = YES;
				CLANG_WARN_NON_LITERAL_NULL_CONVERSION = YES;
				CLANG_WARN_OBJC_LITERAL_CONVERSION = YES;
				CLANG_WARN_OBJC_ROOT_CLASS = YES_ERROR;
				CLANG_WARN_RANGE_LOOP_ANALYSIS = YES;
				CLANG_WARN_STRICT_PROTOTYPES = YES;
				CLANG_WARN_SUSPICIOUS_MOVE = YES;
				CLANG_WARN_UNGUARDED_AVAILABILITY = YES_AGGRESSIVE;
				CLANG_WARN_UNREACHABLE_CODE = YES;
				CLANG_WARN__DUPLICATE_METHOD_MATCH = YES;
				CODE_SIGN_IDENTITY = "iPhone Developer";
				COPY_PHASE_STRIP = NO;
				CURRENT_PROJECT_VERSION = 1;
				DEBUG_INFORMATION_FORMAT = "dwarf-with-dsym";
				ENABLE_NS_ASSERTIONS = NO;
				ENABLE_STRICT_OBJC_MSGSEND = YES;
				GCC_C_LANGUAGE_STANDARD = gnu11;
				GCC_NO_COMMON_BLOCKS = YES;
				GCC_WARN_64_TO_32_BIT_CONVERSION = YES;
				GCC_WARN_ABOUT_RETURN_TYPE = YES_ERROR;
				GCC_WARN_UNDECLARED_SELECTOR = YES;
				GCC_WARN_UNINITIALIZED_AUTOS = YES_AGGRESSIVE;
				GCC_WARN_UNUSED_FUNCTION = YES;
				GCC_WARN_UNUSED_VARIABLE = YES;
				IPHONEOS_DEPLOYMENT_TARGET = 10.0;
				MTL_ENABLE_DEBUG_INFO = NO;
				SDKROOT = iphoneos;
				SWIFT_OPTIMIZATION_LEVEL = "-Owholemodule";
				SWIFT_VERSION = 5.0;
				VALIDATE_PRODUCT = YES;
				VERSIONING_SYSTEM = "apple-generic";
				VERSION_INFO_PREFIX = "";
			};
			name = Release;
		};
		CE409ABF20D291EA009876A9 /* Debug */ = {
			isa = XCBuildConfiguration;
			buildSettings = {
				CODE_SIGN_IDENTITY = "";
				CODE_SIGN_STYLE = Automatic;
				DEFINES_MODULE = YES;
				DEVELOPMENT_TEAM = 3YVY2RHHVQ;
				DYLIB_COMPATIBILITY_VERSION = 1;
				DYLIB_CURRENT_VERSION = 1;
				DYLIB_INSTALL_NAME_BASE = "@rpath";
				INFOPLIST_FILE = SyncEngine/Info.plist;
				INSTALL_PATH = "$(LOCAL_LIBRARY_DIR)/Frameworks";
				LD_RUNPATH_SEARCH_PATHS = "$(inherited) @executable_path/Frameworks @loader_path/Frameworks";
				PRODUCT_BUNDLE_IDENTIFIER = de.xikolo.SyncEngine;
				PRODUCT_NAME = "$(TARGET_NAME:c99extidentifier)";
				SKIP_INSTALL = YES;
				TARGETED_DEVICE_FAMILY = "1,2";
			};
			name = Debug;
		};
		CE409AC020D291EA009876A9 /* Release */ = {
			isa = XCBuildConfiguration;
			buildSettings = {
				CODE_SIGN_IDENTITY = "";
				CODE_SIGN_STYLE = Automatic;
				DEFINES_MODULE = YES;
				DEVELOPMENT_TEAM = 3YVY2RHHVQ;
				DYLIB_COMPATIBILITY_VERSION = 1;
				DYLIB_CURRENT_VERSION = 1;
				DYLIB_INSTALL_NAME_BASE = "@rpath";
				INFOPLIST_FILE = SyncEngine/Info.plist;
				INSTALL_PATH = "$(LOCAL_LIBRARY_DIR)/Frameworks";
				LD_RUNPATH_SEARCH_PATHS = "$(inherited) @executable_path/Frameworks @loader_path/Frameworks";
				PRODUCT_BUNDLE_IDENTIFIER = de.xikolo.SyncEngine;
				PRODUCT_NAME = "$(TARGET_NAME:c99extidentifier)";
				SKIP_INSTALL = YES;
				TARGETED_DEVICE_FAMILY = "1,2";
			};
			name = Release;
		};
/* End XCBuildConfiguration section */

/* Begin XCConfigurationList section */
		504D842C215D2FBA006F2447 /* Build configuration list for PBXNativeTarget "Tests" */ = {
			isa = XCConfigurationList;
			buildConfigurations = (
				504D842D215D2FBA006F2447 /* Debug */,
				504D842E215D2FBA006F2447 /* Release */,
			);
			defaultConfigurationIsVisible = 0;
			defaultConfigurationName = Release;
		};
		CE409AB020D291EA009876A9 /* Build configuration list for PBXProject "SyncEngine" */ = {
			isa = XCConfigurationList;
			buildConfigurations = (
				CE409ABC20D291EA009876A9 /* Debug */,
				CE409ABD20D291EA009876A9 /* Release */,
			);
			defaultConfigurationIsVisible = 0;
			defaultConfigurationName = Release;
		};
		CE409ABE20D291EA009876A9 /* Build configuration list for PBXNativeTarget "SyncEngine" */ = {
			isa = XCConfigurationList;
			buildConfigurations = (
				CE409ABF20D291EA009876A9 /* Debug */,
				CE409AC020D291EA009876A9 /* Release */,
			);
			defaultConfigurationIsVisible = 0;
			defaultConfigurationName = Release;
		};
/* End XCConfigurationList section */
	};
	rootObject = CE409AAD20D291EA009876A9 /* Project object */;
}
