<?xml version="1.0" encoding="UTF-8"?>
<Scheme
   LastUpgradeVersion = "1400"
   version = "1.3">
   <BuildAction
      parallelizeBuildables = "YES"
      buildImplicitDependencies = "YES">
      <BuildActionEntries>
         <BuildActionEntry
            buildForTesting = "YES"
            buildForRunning = "YES"
            buildForProfiling = "YES"
            buildForArchiving = "YES"
            buildForAnalyzing = "YES">
            <BuildableReference
               BuildableIdentifier = "primary"
               BlueprintIdentifier = "50FA2DEA20E4B1A800656776"
               BuildableName = "Common.framework"
               BlueprintName = "Common"
               ReferencedContainer = "container:xikolo-ios.xcodeproj">
            </BuildableReference>
         </BuildActionEntry>
         <BuildActionEntry
            buildForTesting = "YES"
            buildForRunning = "NO"
            buildForProfiling = "NO"
            buildForArchiving = "NO"
            buildForAnalyzing = "NO">
            <BuildableReference
               BuildableIdentifier = "primary"
               BlueprintIdentifier = "50761B5220FCADD600CEDAF9"
               BuildableName = "Common-Tests.xctest"
               BlueprintName = "Common-Tests"
               ReferencedContainer = "container:xikolo-ios.xcodeproj">
            </BuildableReference>
         </BuildActionEntry>
      </BuildActionEntries>
   </BuildAction>
   <TestAction
      buildConfiguration = "openHPI-iOS-Debug"
      selectedDebuggerIdentifier = "Xcode.DebuggerFoundation.Debugger.LLDB"
      selectedLauncherIdentifier = "Xcode.DebuggerFoundation.Launcher.LLDB"
      shouldUseLaunchSchemeArgsEnv = "YES">
      <Testables>
         <TestableReference
            skipped = "NO">
            <BuildableReference
               BuildableIdentifier = "primary"
               BlueprintIdentifier = "50761B5220FCADD600CEDAF9"
               BuildableName = "Common-Tests.xctest"
               BlueprintName = "Common-Tests"
               ReferencedContainer = "container:xikolo-ios.xcodeproj">
            </BuildableReference>
         </TestableReference>
      </Testables>
   </TestAction>
   <LaunchAction
      buildConfiguration = "openHPI-iOS-Debug"
      selectedDebuggerIdentifier = "Xcode.DebuggerFoundation.Debugger.LLDB"
      selectedLauncherIdentifier = "Xcode.DebuggerFoundation.Launcher.LLDB"
      launchStyle = "0"
      useCustomWorkingDirectory = "NO"
      ignoresPersistentStateOnLaunch = "NO"
      debugDocumentVersioning = "YES"
      debugServiceExtension = "internal"
      allowLocationSimulation = "YES">
      <MacroExpansion>
         <BuildableReference
            BuildableIdentifier = "primary"
            BlueprintIdentifier = "50FA2DEA20E4B1A800656776"
            BuildableName = "Common.framework"
            BlueprintName = "Common"
            ReferencedContainer = "container:xikolo-ios.xcodeproj">
         </BuildableReference>
      </MacroExpansion>
   </LaunchAction>
   <ProfileAction
      buildConfiguration = "openHPI-iOS-Debug"
      shouldUseLaunchSchemeArgsEnv = "YES"
      savedToolIdentifier = ""
      useCustomWorkingDirectory = "NO"
      debugDocumentVersioning = "YES">
      <MacroExpansion>
         <BuildableReference
            BuildableIdentifier = "primary"
            BlueprintIdentifier = "50FA2DEA20E4B1A800656776"
            BuildableName = "Common.framework"
            BlueprintName = "Common"
            ReferencedContainer = "container:xikolo-ios.xcodeproj">
         </BuildableReference>
      </MacroExpansion>
   </ProfileAction>
   <AnalyzeAction
      buildConfiguration = "openHPI-iOS-Debug">
   </AnalyzeAction>
   <ArchiveAction
      buildConfiguration = "openHPI-iOS-Debug"
      revealArchiveInOrganizer = "YES">
   </ArchiveAction>
</Scheme>
